
Microsoft Visual Studio Solution File, Format Version 12.00
# Visual Studio 2012
Project("{FAE04EC0-301F-11D3-BF4B-00C04F79EFBC}") = "LastedFileDeepCloneTool", "LastedFileDeepCloneTool\LastedFileDeepCloneTool.csproj", "{4881CA36-0270-4679-B553-C447BA04D846}"
EndProject
Global
	GlobalSection(TeamFoundationVersionControl) = preSolution
		SccNumberOfProjects = 2
		SccEnterpriseProvider = {4CA58AB2-18FA-4F8D-95D4-32DDF27D184C}
		SccTeamFoundationServer = http://10.168.0.120:8080/tfs/team3
		SccLocalPath0 = .
		SccProjectUniqueName1 = LastedFileDeepCloneTool\\LastedFileDeepCloneTool.csproj
		SccProjectName1 = LastedFileDeepCloneTool
		SccLocalPath1 = LastedFileDeepCloneTool
	EndGlobalSection
	GlobalSection(SolutionConfigurationPlatforms) = preSolution
		Debug|Any CPU = Debug|Any CPU
		Release|Any CPU = Release|Any CPU
	EndGlobalSection
	GlobalSection(ProjectConfigurationPlatforms) = postSolution
		{4881CA36-0270-4679-B553-C447BA04D846}.Debug|Any CPU.ActiveCfg = Debug|Any CPU
		{4881CA36-0270-4679-B553-C447BA04D846}.Debug|Any CPU.Build.0 = Debug|Any CPU
		{4881CA36-0270-4679-B553-C447BA04D846}.Release|Any CPU.ActiveCfg = Release|Any CPU
		{4881CA36-0270-4679-B553-C447BA04D846}.Release|Any CPU.Build.0 = Release|Any CPU
	EndGlobalSection
	GlobalSection(SolutionProperties) = preSolution
		HideSolutionNode = FALSE
	EndGlobalSection
EndGlobal
